
Microsoft Visual Studio Solution File, Format Version 12.00
# Visual Studio 14
VisualStudioVersion = 14.0.25420.1
MinimumVisualStudioVersion = 10.0.40219.1
Project("{FAE04EC0-301F-11D3-BF4B-00C04F79EFBC}") = "businessLogic", "businessLogic\businessLogic.csproj", "{DDF662F1-02BF-49C3-96CC-3D11DD563240}"
EndProject
Project("{FAE04EC0-301F-11D3-BF4B-00C04F79EFBC}") = "ConsoleApplication1", "ConsoleApplication1\ConsoleApplication1.csproj", "{A928AFE7-B05B-48EE-B683-3167192FC419}"
EndProject
Project("{FAE04EC0-301F-11D3-BF4B-00C04F79EFBC}") = "SuperQueryUI", "SuperQueryUI\SuperQueryUI.csproj", "{8ECE4177-C141-4976-A4E5-C1C1E11DD7A9}"
EndProject
Project("{FAE04EC0-301F-11D3-BF4B-00C04F79EFBC}") = "SuperQueryTests", "SuperQueryTests\SuperQueryTests.csproj", "{953DA8EE-4FAA-4F44-82CE-667BFBFD0225}"
EndProject
Global
	GlobalSection(SolutionConfigurationPlatforms) = preSolution
		Debug|Any CPU = Debug|Any CPU
		Release|Any CPU = Release|Any CPU
	EndGlobalSection
	GlobalSection(ProjectConfigurationPlatforms) = postSolution
		{DDF662F1-02BF-49C3-96CC-3D11DD563240}.Debug|Any CPU.ActiveCfg = Debug|Any CPU
		{DDF662F1-02BF-49C3-96CC-3D11DD563240}.Debug|Any CPU.Build.0 = Debug|Any CPU
		{DDF662F1-02BF-49C3-96CC-3D11DD563240}.Release|Any CPU.ActiveCfg = Release|Any CPU
		{DDF662F1-02BF-49C3-96CC-3D11DD563240}.Release|Any CPU.Build.0 = Release|Any CPU
		{A928AFE7-B05B-48EE-B683-3167192FC419}.Debug|Any CPU.ActiveCfg = Debug|Any CPU
		{A928AFE7-B05B-48EE-B683-3167192FC419}.Debug|Any CPU.Build.0 = Debug|Any CPU
		{A928AFE7-B05B-48EE-B683-3167192FC419}.Release|Any CPU.ActiveCfg = Release|Any CPU
		{A928AFE7-B05B-48EE-B683-3167192FC419}.Release|Any CPU.Build.0 = Release|Any CPU
		{8ECE4177-C141-4976-A4E5-C1C1E11DD7A9}.Debug|Any CPU.ActiveCfg = Debug|Any CPU
		{8ECE4177-C141-4976-A4E5-C1C1E11DD7A9}.Debug|Any CPU.Build.0 = Debug|Any CPU
		{8ECE4177-C141-4976-A4E5-C1C1E11DD7A9}.Release|Any CPU.ActiveCfg = Release|Any CPU
		{8ECE4177-C141-4976-A4E5-C1C1E11DD7A9}.Release|Any CPU.Build.0 = Release|Any CPU
		{953DA8EE-4FAA-4F44-82CE-667BFBFD0225}.Debug|Any CPU.ActiveCfg = Debug|Any CPU
		{953DA8EE-4FAA-4F44-82CE-667BFBFD0225}.Debug|Any CPU.Build.0 = Debug|Any CPU
		{953DA8EE-4FAA-4F44-82CE-667BFBFD0225}.Release|Any CPU.ActiveCfg = Release|Any CPU
		{953DA8EE-4FAA-4F44-82CE-667BFBFD0225}.Release|Any CPU.Build.0 = Release|Any CPU
	EndGlobalSection
	GlobalSection(SolutionProperties) = preSolution
		HideSolutionNode = FALSE
	EndGlobalSection
EndGlobal
